
Microsoft Visual Studio Solution File, Format Version 12.00
# Visual Studio Version 17
VisualStudioVersion = 17.14.36203.30
MinimumVisualStudioVersion = 10.0.40219.1
Project("{FAE04EC0-301F-11D3-BF4B-00C04F79EFBC}") = "JMTech.XA.Blazor.TypeEditor", "JMTech.XA.Blazor.TypeEditor.csproj", "{DDB0ECC3-5DC5-4DD4-A00E-EEBCA96289F5}"
EndProject
Global
	GlobalSection(SolutionConfigurationPlatforms) = preSolution
		Debug|Any CPU = Debug|Any CPU
		Release|Any CPU = Release|Any CPU
	EndGlobalSection
	GlobalSection(ProjectConfigurationPlatforms) = postSolution
		{DDB0ECC3-5DC5-4DD4-A00E-EEBCA96289F5}.Debug|Any CPU.ActiveCfg = Debug|Any CPU
		{DDB0ECC3-5DC5-4DD4-A00E-EEBCA96289F5}.Debug|Any CPU.Build.0 = Debug|Any CPU
		{DDB0ECC3-5DC5-4DD4-A00E-EEBCA96289F5}.Release|Any CPU.ActiveCfg = Release|Any CPU
		{DDB0ECC3-5DC5-4DD4-A00E-EEBCA96289F5}.Release|Any CPU.Build.0 = Release|Any CPU
	EndGlobalSection
	GlobalSection(SolutionProperties) = preSolution
		HideSolutionNode = FALSE
	EndGlobalSection
	GlobalSection(ExtensibilityGlobals) = postSolution
		SolutionGuid = {4AF7D889-7C0B-4051-82A9-1F341C506E27}
	EndGlobalSection
EndGlobal
